
Microsoft Visual Studio Solution File, Format Version 12.00
# Visual Studio Version 16
VisualStudioVersion = 16.0.30413.136
MinimumVisualStudioVersion = 15.0.26124.0
Project("{9A19103F-16F7-4668-BE54-9A1E7A4F7556}") = "RSoft.Logs", "RSoft.Logs\RSoft.Logs.csproj", "{3D82D321-55B0-4592-80C4-7D2B91B48AEF}"
EndProject
Project("{FAE04EC0-301F-11D3-BF4B-00C04F79EFBC}") = "PockWeb.For.Test", "PockWeb.For.Test\PockWeb.For.Test.csproj", "{AB6AFC50-2F87-4E60-AB31-2F5D820D995D}"
EndProject
Global
	GlobalSection(SolutionConfigurationPlatforms) = preSolution
		Debug|Any CPU = Debug|Any CPU
		Debug|x64 = Debug|x64
		Debug|x86 = Debug|x86
		Release|Any CPU = Release|Any CPU
		Release|x64 = Release|x64
		Release|x86 = Release|x86
	EndGlobalSection
	GlobalSection(ProjectConfigurationPlatforms) = postSolution
		{3D82D321-55B0-4592-80C4-7D2B91B48AEF}.Debug|Any CPU.ActiveCfg = Debug|Any CPU
		{3D82D321-55B0-4592-80C4-7D2B91B48AEF}.Debug|Any CPU.Build.0 = Debug|Any CPU
		{3D82D321-55B0-4592-80C4-7D2B91B48AEF}.Debug|x64.ActiveCfg = Debug|Any CPU
		{3D82D321-55B0-4592-80C4-7D2B91B48AEF}.Debug|x64.Build.0 = Debug|Any CPU
		{3D82D321-55B0-4592-80C4-7D2B91B48AEF}.Debug|x86.ActiveCfg = Debug|Any CPU
		{3D82D321-55B0-4592-80C4-7D2B91B48AEF}.Debug|x86.Build.0 = Debug|Any CPU
		{3D82D321-55B0-4592-80C4-7D2B91B48AEF}.Release|Any CPU.ActiveCfg = Release|Any CPU
		{3D82D321-55B0-4592-80C4-7D2B91B48AEF}.Release|Any CPU.Build.0 = Release|Any CPU
		{3D82D321-55B0-4592-80C4-7D2B91B48AEF}.Release|x64.ActiveCfg = Release|Any CPU
		{3D82D321-55B0-4592-80C4-7D2B91B48AEF}.Release|x64.Build.0 = Release|Any CPU
		{3D82D321-55B0-4592-80C4-7D2B91B48AEF}.Release|x86.ActiveCfg = Release|Any CPU
		{3D82D321-55B0-4592-80C4-7D2B91B48AEF}.Release|x86.Build.0 = Release|Any CPU
		{AB6AFC50-2F87-4E60-AB31-2F5D820D995D}.Debug|Any CPU.ActiveCfg = Debug|Any CPU
		{AB6AFC50-2F87-4E60-AB31-2F5D820D995D}.Debug|Any CPU.Build.0 = Debug|Any CPU
		{AB6AFC50-2F87-4E60-AB31-2F5D820D995D}.Debug|x64.ActiveCfg = Debug|Any CPU
		{AB6AFC50-2F87-4E60-AB31-2F5D820D995D}.Debug|x64.Build.0 = Debug|Any CPU
		{AB6AFC50-2F87-4E60-AB31-2F5D820D995D}.Debug|x86.ActiveCfg = Debug|Any CPU
		{AB6AFC50-2F87-4E60-AB31-2F5D820D995D}.Debug|x86.Build.0 = Debug|Any CPU
		{AB6AFC50-2F87-4E60-AB31-2F5D820D995D}.Release|Any CPU.ActiveCfg = Release|Any CPU
		{AB6AFC50-2F87-4E60-AB31-2F5D820D995D}.Release|Any CPU.Build.0 = Release|Any CPU
		{AB6AFC50-2F87-4E60-AB31-2F5D820D995D}.Release|x64.ActiveCfg = Release|Any CPU
		{AB6AFC50-2F87-4E60-AB31-2F5D820D995D}.Release|x64.Build.0 = Release|Any CPU
		{AB6AFC50-2F87-4E60-AB31-2F5D820D995D}.Release|x86.ActiveCfg = Release|Any CPU
		{AB6AFC50-2F87-4E60-AB31-2F5D820D995D}.Release|x86.Build.0 = Release|Any CPU
	EndGlobalSection
	GlobalSection(SolutionProperties) = preSolution
		HideSolutionNode = FALSE
	EndGlobalSection
	GlobalSection(ExtensibilityGlobals) = postSolution
		SolutionGuid = {804903AD-FFAD-418A-AF7D-34F6061772F6}
	EndGlobalSection
EndGlobal
